
Microsoft Visual Studio Solution File, Format Version 12.00
# Visual Studio 2013
VisualStudioVersion = 12.0.30501.0
MinimumVisualStudioVersion = 10.0.40219.1
Project("{FAE04EC0-301F-11D3-BF4B-00C04F79EFBC}") = "HeartOfGold.NBT", "HeartOfGold.NBT\HeartOfGold.NBT.csproj", "{8FDCD756-920C-4294-92A4-6984D7361E0C}"
EndProject
Project("{FAE04EC0-301F-11D3-BF4B-00C04F79EFBC}") = "HeartOfGold.NbtEditorWPF", "HeartOfGold.NbtEditorWPF\HeartOfGold.NbtEditorWPF.csproj", "{999B0234-34FC-4689-A982-85794B10407D}"
EndProject
Project("{FAE04EC0-301F-11D3-BF4B-00C04F79EFBC}") = "HeartOfGold.GUI", "HeartOfGold.GUI\HeartOfGold.GUI.csproj", "{4E804A7B-1EED-4C54-8C5D-0869429ABB05}"
EndProject
Project("{FAE04EC0-301F-11D3-BF4B-00C04F79EFBC}") = "HeartOfGold.Engine", "HeartOfGold.Engine\HeartOfGold.Engine.csproj", "{C7ED89B8-CF45-415F-9982-F206A0F16B9B}"
EndProject
Global
	GlobalSection(SolutionConfigurationPlatforms) = preSolution
		Debug|Any CPU = Debug|Any CPU
		Release|Any CPU = Release|Any CPU
	EndGlobalSection
	GlobalSection(ProjectConfigurationPlatforms) = postSolution
		{8FDCD756-920C-4294-92A4-6984D7361E0C}.Debug|Any CPU.ActiveCfg = Debug|Any CPU
		{8FDCD756-920C-4294-92A4-6984D7361E0C}.Debug|Any CPU.Build.0 = Debug|Any CPU
		{8FDCD756-920C-4294-92A4-6984D7361E0C}.Release|Any CPU.ActiveCfg = Release|Any CPU
		{8FDCD756-920C-4294-92A4-6984D7361E0C}.Release|Any CPU.Build.0 = Release|Any CPU
		{999B0234-34FC-4689-A982-85794B10407D}.Debug|Any CPU.ActiveCfg = Debug|Any CPU
		{999B0234-34FC-4689-A982-85794B10407D}.Debug|Any CPU.Build.0 = Debug|Any CPU
		{999B0234-34FC-4689-A982-85794B10407D}.Release|Any CPU.ActiveCfg = Release|Any CPU
		{999B0234-34FC-4689-A982-85794B10407D}.Release|Any CPU.Build.0 = Release|Any CPU
		{4E804A7B-1EED-4C54-8C5D-0869429ABB05}.Debug|Any CPU.ActiveCfg = Debug|Any CPU
		{4E804A7B-1EED-4C54-8C5D-0869429ABB05}.Debug|Any CPU.Build.0 = Debug|Any CPU
		{4E804A7B-1EED-4C54-8C5D-0869429ABB05}.Release|Any CPU.ActiveCfg = Release|Any CPU
		{4E804A7B-1EED-4C54-8C5D-0869429ABB05}.Release|Any CPU.Build.0 = Release|Any CPU
		{C7ED89B8-CF45-415F-9982-F206A0F16B9B}.Debug|Any CPU.ActiveCfg = Debug|Any CPU
		{C7ED89B8-CF45-415F-9982-F206A0F16B9B}.Debug|Any CPU.Build.0 = Debug|Any CPU
		{C7ED89B8-CF45-415F-9982-F206A0F16B9B}.Release|Any CPU.ActiveCfg = Release|Any CPU
		{C7ED89B8-CF45-415F-9982-F206A0F16B9B}.Release|Any CPU.Build.0 = Release|Any CPU
	EndGlobalSection
	GlobalSection(SolutionProperties) = preSolution
		HideSolutionNode = FALSE
	EndGlobalSection
EndGlobal
